
Microsoft Visual Studio Solution File, Format Version 12.00
# Visual Studio Version 17
VisualStudioVersion = 17.13.35913.81 d17.13
MinimumVisualStudioVersion = 10.0.40219.1
Project("{FAE04EC0-301F-11D3-BF4B-00C04F79EFBC}") = "synthesis_program", "synthesis_program\synthesis_program.csproj", "{D9F9A6CE-2B86-4A2B-BD90-F6A708A99614}"
EndProject
Global
	GlobalSection(SolutionConfigurationPlatforms) = preSolution
		Debug|Any CPU = Debug|Any CPU
		Release|Any CPU = Release|Any CPU
	EndGlobalSection
	GlobalSection(ProjectConfigurationPlatforms) = postSolution
		{D9F9A6CE-2B86-4A2B-BD90-F6A708A99614}.Debug|Any CPU.ActiveCfg = Debug|Any CPU
		{D9F9A6CE-2B86-4A2B-BD90-F6A708A99614}.Debug|Any CPU.Build.0 = Debug|Any CPU
		{D9F9A6CE-2B86-4A2B-BD90-F6A708A99614}.Release|Any CPU.ActiveCfg = Release|Any CPU
		{D9F9A6CE-2B86-4A2B-BD90-F6A708A99614}.Release|Any CPU.Build.0 = Release|Any CPU
	EndGlobalSection
	GlobalSection(SolutionProperties) = preSolution
		HideSolutionNode = FALSE
	EndGlobalSection
	GlobalSection(ExtensibilityGlobals) = postSolution
		SolutionGuid = {A9F51B03-378E-4A09-AA9A-390422E27EB1}
	EndGlobalSection
EndGlobal
